
Microsoft Visual Studio Solution File, Format Version 12.00
# Visual Studio Version 17
VisualStudioVersion = 17.1.32127.271
MinimumVisualStudioVersion = 10.0.40219.1
Project("{9A19103F-16F7-4668-BE54-9A1E7A4F7556}") = "Signum", "Signum\Signum.csproj", "{B01FEBD7-DEA1-4D5B-8E95-778DBEC2D44B}"
EndProject
Project("{9A19103F-16F7-4668-BE54-9A1E7A4F7556}") = "Signum.NET", "Signum.NET\Signum.NET.csproj", "{CEEC1C72-4556-4062-B550-7FF00DE015F8}"
EndProject
Project("{9A19103F-16F7-4668-BE54-9A1E7A4F7556}") = "Signum.NET.Tests", "Signum.NET.Tests\Signum.NET.Tests.csproj", "{15AA6EA6-84C1-4B33-A6AF-BC73AB79A052}"
EndProject
Project("{2150E333-8FDC-42A3-9474-1A3956D46DE8}") = "Solution Items", "Solution Items", "{1244C233-40DE-47BF-AA0E-92C653B9AB7C}"
	ProjectSection(SolutionItems) = preProject
		LICENSE.txt = LICENSE.txt
		README.md = README.md
	EndProjectSection
EndProject
Global
	GlobalSection(SolutionConfigurationPlatforms) = preSolution
		Debug|Any CPU = Debug|Any CPU
		Release|Any CPU = Release|Any CPU
	EndGlobalSection
	GlobalSection(ProjectConfigurationPlatforms) = postSolution
		{B01FEBD7-DEA1-4D5B-8E95-778DBEC2D44B}.Debug|Any CPU.ActiveCfg = Debug|Any CPU
		{B01FEBD7-DEA1-4D5B-8E95-778DBEC2D44B}.Debug|Any CPU.Build.0 = Debug|Any CPU
		{B01FEBD7-DEA1-4D5B-8E95-778DBEC2D44B}.Release|Any CPU.ActiveCfg = Release|Any CPU
		{B01FEBD7-DEA1-4D5B-8E95-778DBEC2D44B}.Release|Any CPU.Build.0 = Release|Any CPU
		{CEEC1C72-4556-4062-B550-7FF00DE015F8}.Debug|Any CPU.ActiveCfg = Debug|Any CPU
		{CEEC1C72-4556-4062-B550-7FF00DE015F8}.Debug|Any CPU.Build.0 = Debug|Any CPU
		{CEEC1C72-4556-4062-B550-7FF00DE015F8}.Release|Any CPU.ActiveCfg = Release|Any CPU
		{CEEC1C72-4556-4062-B550-7FF00DE015F8}.Release|Any CPU.Build.0 = Release|Any CPU
		{15AA6EA6-84C1-4B33-A6AF-BC73AB79A052}.Debug|Any CPU.ActiveCfg = Debug|Any CPU
		{15AA6EA6-84C1-4B33-A6AF-BC73AB79A052}.Debug|Any CPU.Build.0 = Debug|Any CPU
		{15AA6EA6-84C1-4B33-A6AF-BC73AB79A052}.Release|Any CPU.ActiveCfg = Release|Any CPU
		{15AA6EA6-84C1-4B33-A6AF-BC73AB79A052}.Release|Any CPU.Build.0 = Release|Any CPU
	EndGlobalSection
	GlobalSection(SolutionProperties) = preSolution
		HideSolutionNode = FALSE
	EndGlobalSection
	GlobalSection(ExtensibilityGlobals) = postSolution
		SolutionGuid = {D660561F-CFD4-4C0C-AF12-F99AF2E6C04E}
	EndGlobalSection
EndGlobal
